
Microsoft Visual Studio Solution File, Format Version 12.00
# Visual Studio 2012
Project("{8BC9CEB8-8B4A-11D0-8D11-00A0C91BC942}") = "CookTalk_MenuSelector", "CookTalk_MenuSelector\CookTalk_MenuSelector.vcxproj", "{CED694A7-2C41-4034-9958-7BE023C83911}"
EndProject
Global
	GlobalSection(SolutionConfigurationPlatforms) = preSolution
		Debug|Win32 = Debug|Win32
		Release|Win32 = Release|Win32
	EndGlobalSection
	GlobalSection(ProjectConfigurationPlatforms) = postSolution
		{CED694A7-2C41-4034-9958-7BE023C83911}.Debug|Win32.ActiveCfg = Debug|Win32
		{CED694A7-2C41-4034-9958-7BE023C83911}.Debug|Win32.Build.0 = Debug|Win32
		{CED694A7-2C41-4034-9958-7BE023C83911}.Release|Win32.ActiveCfg = Release|Win32
		{CED694A7-2C41-4034-9958-7BE023C83911}.Release|Win32.Build.0 = Release|Win32
	EndGlobalSection
	GlobalSection(SolutionProperties) = preSolution
		HideSolutionNode = FALSE
	EndGlobalSection
EndGlobal
